
Microsoft Visual Studio Solution File, Format Version 12.00
# Visual Studio Version 16
VisualStudioVersion = 16.0.29926.136
MinimumVisualStudioVersion = 10.0.40219.1
Project("{FAE04EC0-301F-11D3-BF4B-00C04F79EFBC}") = "StadiumProject", "StadiumProject\StadiumProject.csproj", "{2BA8ECFC-A0FF-4EED-8B50-6E8D823F6857}"
EndProject
Global
	GlobalSection(SolutionConfigurationPlatforms) = preSolution
		Debug|Any CPU = Debug|Any CPU
		Release|Any CPU = Release|Any CPU
	EndGlobalSection
	GlobalSection(ProjectConfigurationPlatforms) = postSolution
		{2BA8ECFC-A0FF-4EED-8B50-6E8D823F6857}.Debug|Any CPU.ActiveCfg = Debug|Any CPU
		{2BA8ECFC-A0FF-4EED-8B50-6E8D823F6857}.Debug|Any CPU.Build.0 = Debug|Any CPU
		{2BA8ECFC-A0FF-4EED-8B50-6E8D823F6857}.Release|Any CPU.ActiveCfg = Release|Any CPU
		{2BA8ECFC-A0FF-4EED-8B50-6E8D823F6857}.Release|Any CPU.Build.0 = Release|Any CPU
	EndGlobalSection
	GlobalSection(SolutionProperties) = preSolution
		HideSolutionNode = FALSE
	EndGlobalSection
	GlobalSection(ExtensibilityGlobals) = postSolution
		SolutionGuid = {19DF25CE-B6C3-4E35-B956-B95514C8875B}
	EndGlobalSection
EndGlobal
